
Microsoft Visual Studio Solution File, Format Version 12.00
# Visual Studio Version 17
VisualStudioVersion = 17.7.34024.191
MinimumVisualStudioVersion = 10.0.40219.1
Project("{FAE04EC0-301F-11D3-BF4B-00C04F79EFBC}") = "PrepareOnLab", "PrepareOnLab.csproj", "{34EC697E-D755-4BF9-B84A-F938FFB8DD4B}"
EndProject
Project("{FAE04EC0-301F-11D3-BF4B-00C04F79EFBC}") = "Exercise2", "..\Exercise2\Exercise2.csproj", "{890C3CA8-33FD-49E9-8DF0-C2125540560A}"
EndProject
Project("{FAE04EC0-301F-11D3-BF4B-00C04F79EFBC}") = "Exercise3", "..\Exercise3\Exercise3.csproj", "{42B35AAD-D63D-4627-8D31-71507EF956F8}"
EndProject
Project("{FAE04EC0-301F-11D3-BF4B-00C04F79EFBC}") = "Exercise4", "..\Exercise4\Exercise4.csproj", "{6E6FA954-2F28-4323-8EE5-271B4666E41D}"
EndProject
Project("{FAE04EC0-301F-11D3-BF4B-00C04F79EFBC}") = "Exercise5", "..\Exercise5\Exercise5.csproj", "{C5511419-11A2-477E-88F1-B148AFC7156A}"
EndProject
Global
	GlobalSection(SolutionConfigurationPlatforms) = preSolution
		Debug|Any CPU = Debug|Any CPU
		Release|Any CPU = Release|Any CPU
	EndGlobalSection
	GlobalSection(ProjectConfigurationPlatforms) = postSolution
		{34EC697E-D755-4BF9-B84A-F938FFB8DD4B}.Debug|Any CPU.ActiveCfg = Debug|Any CPU
		{34EC697E-D755-4BF9-B84A-F938FFB8DD4B}.Debug|Any CPU.Build.0 = Debug|Any CPU
		{34EC697E-D755-4BF9-B84A-F938FFB8DD4B}.Release|Any CPU.ActiveCfg = Release|Any CPU
		{34EC697E-D755-4BF9-B84A-F938FFB8DD4B}.Release|Any CPU.Build.0 = Release|Any CPU
		{890C3CA8-33FD-49E9-8DF0-C2125540560A}.Debug|Any CPU.ActiveCfg = Debug|Any CPU
		{890C3CA8-33FD-49E9-8DF0-C2125540560A}.Debug|Any CPU.Build.0 = Debug|Any CPU
		{890C3CA8-33FD-49E9-8DF0-C2125540560A}.Release|Any CPU.ActiveCfg = Release|Any CPU
		{890C3CA8-33FD-49E9-8DF0-C2125540560A}.Release|Any CPU.Build.0 = Release|Any CPU
		{42B35AAD-D63D-4627-8D31-71507EF956F8}.Debug|Any CPU.ActiveCfg = Debug|Any CPU
		{42B35AAD-D63D-4627-8D31-71507EF956F8}.Debug|Any CPU.Build.0 = Debug|Any CPU
		{42B35AAD-D63D-4627-8D31-71507EF956F8}.Release|Any CPU.ActiveCfg = Release|Any CPU
		{42B35AAD-D63D-4627-8D31-71507EF956F8}.Release|Any CPU.Build.0 = Release|Any CPU
		{6E6FA954-2F28-4323-8EE5-271B4666E41D}.Debug|Any CPU.ActiveCfg = Debug|Any CPU
		{6E6FA954-2F28-4323-8EE5-271B4666E41D}.Debug|Any CPU.Build.0 = Debug|Any CPU
		{6E6FA954-2F28-4323-8EE5-271B4666E41D}.Release|Any CPU.ActiveCfg = Release|Any CPU
		{6E6FA954-2F28-4323-8EE5-271B4666E41D}.Release|Any CPU.Build.0 = Release|Any CPU
		{C5511419-11A2-477E-88F1-B148AFC7156A}.Debug|Any CPU.ActiveCfg = Debug|Any CPU
		{C5511419-11A2-477E-88F1-B148AFC7156A}.Debug|Any CPU.Build.0 = Debug|Any CPU
		{C5511419-11A2-477E-88F1-B148AFC7156A}.Release|Any CPU.ActiveCfg = Release|Any CPU
		{C5511419-11A2-477E-88F1-B148AFC7156A}.Release|Any CPU.Build.0 = Release|Any CPU
	EndGlobalSection
	GlobalSection(SolutionProperties) = preSolution
		HideSolutionNode = FALSE
	EndGlobalSection
	GlobalSection(ExtensibilityGlobals) = postSolution
		SolutionGuid = {D2031930-5833-41BF-99BA-0D9BF3C6652A}
	EndGlobalSection
EndGlobal
